
Microsoft Visual Studio Solution File, Format Version 12.00
# Visual Studio Version 16
VisualStudioVersion = 16.0.29409.12
MinimumVisualStudioVersion = 10.0.40219.1
Project("{FAE04EC0-301F-11D3-BF4B-00C04F79EFBC}") = "Resizer", "Resizer\Resizer.csproj", "{E6E9F64D-4231-458B-AD0F-10AE290B8A19}"
EndProject
Global
	GlobalSection(SolutionConfigurationPlatforms) = preSolution
		Debug|Any CPU = Debug|Any CPU
		Release|Any CPU = Release|Any CPU
	EndGlobalSection
	GlobalSection(ProjectConfigurationPlatforms) = postSolution
		{E6E9F64D-4231-458B-AD0F-10AE290B8A19}.Debug|Any CPU.ActiveCfg = Debug|Any CPU
		{E6E9F64D-4231-458B-AD0F-10AE290B8A19}.Debug|Any CPU.Build.0 = Debug|Any CPU
		{E6E9F64D-4231-458B-AD0F-10AE290B8A19}.Release|Any CPU.ActiveCfg = Release|Any CPU
		{E6E9F64D-4231-458B-AD0F-10AE290B8A19}.Release|Any CPU.Build.0 = Release|Any CPU
	EndGlobalSection
	GlobalSection(SolutionProperties) = preSolution
		HideSolutionNode = FALSE
	EndGlobalSection
	GlobalSection(ExtensibilityGlobals) = postSolution
		SolutionGuid = {9AB0B2D4-9259-4E80-A900-94778BA4174A}
	EndGlobalSection
EndGlobal
